
Microsoft Visual Studio Solution File, Format Version 12.00
# Visual Studio Version 16
VisualStudioVersion = 16.0.28922.388
MinimumVisualStudioVersion = 10.0.40219.1
Project("{FAE04EC0-301F-11D3-BF4B-00C04F79EFBC}") = "TEST_CONSOLE", "TEST_CONSOLE\TEST_CONSOLE.csproj", "{E0027891-9FFD-4EC6-97B0-40468622554B}"
EndProject
Global
	GlobalSection(SolutionConfigurationPlatforms) = preSolution
		Debug|Any CPU = Debug|Any CPU
		Release|Any CPU = Release|Any CPU
	EndGlobalSection
	GlobalSection(ProjectConfigurationPlatforms) = postSolution
		{E0027891-9FFD-4EC6-97B0-40468622554B}.Debug|Any CPU.ActiveCfg = Debug|Any CPU
		{E0027891-9FFD-4EC6-97B0-40468622554B}.Debug|Any CPU.Build.0 = Debug|Any CPU
		{E0027891-9FFD-4EC6-97B0-40468622554B}.Release|Any CPU.ActiveCfg = Release|Any CPU
		{E0027891-9FFD-4EC6-97B0-40468622554B}.Release|Any CPU.Build.0 = Release|Any CPU
	EndGlobalSection
	GlobalSection(SolutionProperties) = preSolution
		HideSolutionNode = FALSE
	EndGlobalSection
	GlobalSection(ExtensibilityGlobals) = postSolution
		SolutionGuid = {B4477402-46F0-4270-AA97-5B6006A7430D}
	EndGlobalSection
EndGlobal
